// !$*UTF8*$!
{
	archiveVersion = 1;
	classes = {
	};
	objectVersion = 46;
	objects = {

/* Begin PBXBuildFile section */
		6303CD8B1B4176D70011E503 /* AppDelegate.swift in Sources */ = {isa = PBXBuildFile; fileRef = 6303CD8A1B4176D70011E503 /* AppDelegate.swift */; };
		6303CD8D1B4176D70011E503 /* ViewController.swift in Sources */ = {isa = PBXBuildFile; fileRef = 6303CD8C1B4176D70011E503 /* ViewController.swift */; };
		6303CD901B4176D70011E503 /* Main.storyboard in Resources */ = {isa = PBXBuildFile; fileRef = 6303CD8E1B4176D70011E503 /* Main.storyboard */; };
		6303CD921B4176D70011E503 /* Images.xcassets in Resources */ = {isa = PBXBuildFile; fileRef = 6303CD911B4176D70011E503 /* Images.xcassets */; };
		6303CD951B4176D70011E503 /* LaunchScreen.xib in Resources */ = {isa = PBXBuildFile; fileRef = 6303CD931B4176D70011E503 /* LaunchScreen.xib */; };
		6303CDA11B4176D70011E503 /* animation_1Tests.swift in Sources */ = {isa = PBXBuildFile; fileRef = 6303CDA01B4176D70011E503 /* animation_1Tests.swift */; };
/* End PBXBuildFile section */

/* Begin PBXContainerItemProxy section */
		6303CD9B1B4176D70011E503 /* PBXContainerItemProxy */ = {
			isa = PBXContainerItemProxy;
			containerPortal = 6303CD7D1B4176D70011E503 /* Project object */;
			proxyType = 1;
			remoteGlobalIDString = 6303CD841B4176D70011E503;
			remoteInfo = "animation-1";
		};
/* End PBXContainerItemProxy section */

/* Begin PBXFileReference section */
		6303CD851B4176D70011E503 /* animation-1.app */ = {isa = PBXFileReference; explicitFileType = wrapper.application; includeInIndex = 0; path = "animation-1.app"; sourceTree = BUILT_PRODUCTS_DIR; };
		6303CD891B4176D70011E503 /* Info.plist */ = {isa = PBXFileReference; lastKnownFileType = text.plist.xml; path = Info.plist; sourceTree = "<group>"; };
		6303CD8A1B4176D70011E503 /* AppDelegate.swift */ = {isa = PBXFileReference; lastKnownFileType = sourcecode.swift; path = AppDelegate.swift; sourceTree = "<group>"; };
		6303CD8C1B4176D70011E503 /* ViewController.swift */ = {isa = PBXFileReference; lastKnownFileType = sourcecode.swift; path = ViewController.swift; sourceTree = "<group>"; };
		6303CD8F1B4176D70011E503 /* Base */ = {isa = PBXFileReference; lastKnownFileType = file.storyboard; name = Base; path = Base.lproj/Main.storyboard; sourceTree = "<group>"; };
		6303CD911B4176D70011E503 /* Images.xcassets */ = {isa = PBXFileReference; lastKnownFileType = folder.assetcatalog; path = Images.xcassets; sourceTree = "<group>"; };
		6303CD941B4176D70011E503 /* Base */ = {isa = PBXFileReference; lastKnownFileType = file.xib; name = Base; path = Base.lproj/LaunchScreen.xib; sourceTree = "<group>"; };
		6303CD9A1B4176D70011E503 /* animation-1Tests.xctest */ = {isa = PBXFileReference; explicitFileType = wrapper.cfbundle; includeInIndex = 0; path = "animation-1Tests.xctest"; sourceTree = BUILT_PRODUCTS_DIR; };
		6303CD9F1B4176D70011E503 /* Info.plist */ = {isa = PBXFileReference; lastKnownFileType = text.plist.xml; path = Info.plist; sourceTree = "<group>"; };
		6303CDA01B4176D70011E503 /* animation_1Tests.swift */ = {isa = PBXFileReference; lastKnownFileType = sourcecode.swift; path = animation_1Tests.swift; sourceTree = "<group>"; };
/* End PBXFileReference section */

/* Begin PBXFrameworksBuildPhase section */
		6303CD821B4176D70011E503 /* Frameworks */ = {
			isa = PBXFrameworksBuildPhase;
			buildActionMask = 2147483647;
			files = (
			);
			runOnlyForDeploymentPostprocessing = 0;
		};
		6303CD971B4176D70011E503 /* Frameworks */ = {
			isa = PBXFrameworksBuildPhase;
			buildActionMask = 2147483647;
			files = (
			);
			runOnlyForDeploymentPostprocessing = 0;
		};
/* End PBXFrameworksBuildPhase section */

/* Begin PBXGroup section */
		6303CD7C1B4176D70011E503 = {
			isa = PBXGroup;
			children = (
				6303CD871B4176D70011E503 /* animation-1 */,
				6303CD9D1B4176D70011E503 /* animation-1Tests */,
				6303CD861B4176D70011E503 /* Products */,
			);
			sourceTree = "<group>";
		};
		6303CD861B4176D70011E503 /* Products */ = {
			isa = PBXGroup;
			children = (
				6303CD851B4176D70011E503 /* animation-1.app */,
				6303CD9A1B4176D70011E503 /* animation-1Tests.xctest */,
			);
			name = Products;
			sourceTree = "<group>";
		};
		6303CD871B4176D70011E503 /* animation-1 */ = {
			isa = PBXGroup;
			children = (
				6303CD8A1B4176D70011E503 /* AppDelegate.swift */,
				6303CD8C1B4176D70011E503 /* ViewController.swift */,
				6303CD8E1B4176D70011E503 /* Main.storyboard */,
				6303CD911B4176D70011E503 /* Images.xcassets */,
				6303CD931B4176D70011E503 /* LaunchScreen.xib */,
				6303CD881B4176D70011E503 /* Supporting Files */,
			);
			path = "animation-1";
			sourceTree = "<group>";
		};
		6303CD881B4176D70011E503 /* Supporting Files */ = {
			isa = PBXGroup;
			children = (
				6303CD891B4176D70011E503 /* Info.plist */,
			);
			name = "Supporting Files";
			sourceTree = "<group>";
		};
		6303CD9D1B4176D70011E503 /* animation-1Tests */ = {
			isa = PBXGroup;
			children = (
				6303CDA01B4176D70011E503 /* animation_1Tests.swift */,
				6303CD9E1B4176D70011E503 /* Supporting Files */,
			);
			path = "animation-1Tests";
			sourceTree = "<group>";
		};
		6303CD9E1B4176D70011E503 /* Supporting Files */ = {
			isa = PBXGroup;
			children = (
				6303CD9F1B4176D70011E503 /* Info.plist */,
			);
			name = "Supporting Files";
			sourceTree = "<group>";
		};
/* End PBXGroup section */

/* Begin PBXNativeTarget section */
		6303CD841B4176D70011E503 /* animation-1 */ = {
			isa = PBXNativeTarget;
			buildConfigurationList = 6303CDA41B4176D70011E503 /* Build configuration list for PBXNativeTarget "animation-1" */;
			buildPhases = (
				6303CD811B4176D70011E503 /* Sources */,
				6303CD821B4176D70011E503 /* Frameworks */,
				6303CD831B4176D70011E503 /* Resources */,
			);
			buildRules = (
			);
			dependencies = (
			);
			name = "animation-1";
			productName = "animation-1";
			productReference = 6303CD851B4176D70011E503 /* animation-1.app */;
			productType = "com.apple.product-type.application";
		};
		6303CD991B4176D70011E503 /* animation-1Tests */ = {
			isa = PBXNativeTarget;
			buildConfigurationList = 6303CDA71B4176D70011E503 /* Build configuration list for PBXNativeTarget "animation-1Tests" */;
			buildPhases = (
				6303CD961B4176D70011E503 /* Sources */,
				6303CD971B4176D70011E503 /* Frameworks */,
				6303CD981B4176D70011E503 /* Resources */,
			);
			buildRules = (
			);
			dependencies = (
				6303CD9C1B4176D70011E503 /* PBXTargetDependency */,
			);
			name = "animation-1Tests";
			productName = "animation-1Tests";
			productReference = 6303CD9A1B4176D70011E503 /* animation-1Tests.xctest */;
			productType = "com.apple.product-type.bundle.unit-test";
		};
/* End PBXNativeTarget section */

/* Begin PBXProject section */
		6303CD7D1B4176D70011E503 /* Project object */ = {
			isa = PBXProject;
			attributes = {
				LastUpgradeCheck = 0630;
				ORGANIZATIONNAME = zhongxin;
				TargetAttributes = {
					6303CD841B4176D70011E503 = {
						CreatedOnToolsVersion = 6.3.2;
					};
					6303CD991B4176D70011E503 = {
						CreatedOnToolsVersion = 6.3.2;
						TestTargetID = 6303CD841B4176D70011E503;
					};
				};
			};
			buildConfigurationList = 6303CD801B4176D70011E503 /* Build configuration list for PBXProject "animation-1" */;
			compatibilityVersion = "Xcode 3.2";
			developmentRegion = English;
			hasScannedForEncodings = 0;
			knownRegions = (
				en,
				Base,
			);
			mainGroup = 6303CD7C1B4176D70011E503;
			productRefGroup = 6303CD861B4176D70011E503 /* Products */;
			projectDirPath = "";
			projectRoot = "";
			targets = (
				6303CD841B4176D70011E503 /* animation-1 */,
				6303CD991B4176D70011E503 /* animation-1Tests */,
			);
		};
/* End PBXProject section */

/* Begin PBXResourcesBuildPhase section */
		6303CD831B4176D70011E503 /* Resources */ = {
			isa = PBXResourcesBuildPhase;
			buildActionMask = 2147483647;
			files = (
				6303CD901B4176D70011E503 /* Main.storyboard in Resources */,
				6303CD951B4176D70011E503 /* LaunchScreen.xib in Resources */,
				6303CD921B4176D70011E503 /* Images.xcassets in Resources */,
			);
			runOnlyForDeploymentPostprocessing = 0;
		};
		6303CD981B4176D70011E503 /* Resources */ = {
			isa = PBXResourcesBuildPhase;
			buildActionMask = 2147483647;
			files = (
			);
			runOnlyForDeploymentPostprocessing = 0;
		};
/* End PBXResourcesBuildPhase section */

/* Begin PBXSourcesBuildPhase section */
		6303CD811B4176D70011E503 /* Sources */ = {
			isa = PBXSourcesBuildPhase;
			buildActionMask = 2147483647;
			files = (
				6303CD8D1B4176D70011E503 /* ViewController.swift in Sources */,
				6303CD8B1B4176D70011E503 /* AppDelegate.swift in Sources */,
			);
			runOnlyForDeploymentPostprocessing = 0;
		};
		6303CD961B4176D70011E503 /* Sources */ = {
			isa = PBXSourcesBuildPhase;
			buildActionMask = 2147483647;
			files = (
				6303CDA11B4176D70011E503 /* animation_1Tests.swift in Sources */,
			);
			runOnlyForDeploymentPostprocessing = 0;
		};
/* End PBXSourcesBuildPhase section */

/* Begin PBXTargetDependency section */
		6303CD9C1B4176D70011E503 /* PBXTargetDependency */ = {
			isa = PBXTargetDependency;
			target = 6303CD841B4176D70011E503 /* animation-1 */;
			targetProxy = 6303CD9B1B4176D70011E503 /* PBXContainerItemProxy */;
		};
/* End PBXTargetDependency section */

/* Begin PBXVariantGroup section */
		6303CD8E1B4176D70011E503 /* Main.storyboard */ = {
			isa = PBXVariantGroup;
			children = (
				6303CD8F1B4176D70011E503 /* Base */,
			);
			name = Main.storyboard;
			sourceTree = "<group>";
		};
		6303CD931B4176D70011E503 /* LaunchScreen.xib */ = {
			isa = PBXVariantGroup;
			children = (
				6303CD941B4176D70011E503 /* Base */,
			);
			name = LaunchScreen.xib;
			sourceTree = "<group>";
		};
/* End PBXVariantGroup section */

/* Begin XCBuildConfiguration section */
		6303CDA21B4176D70011E503 /* Debug */ = {
			isa = XCBuildConfiguration;
			buildSettings = {
				ALWAYS_SEARCH_USER_PATHS = NO;
				CLANG_CXX_LANGUAGE_STANDARD = "gnu++0x";
				CLANG_CXX_LIBRARY = "libc++";
				CLANG_ENABLE_MODULES = YES;
				CLANG_ENABLE_OBJC_ARC = YES;
				CLANG_WARN_BOOL_CONVERSION = YES;
				CLANG_WARN_CONSTANT_CONVERSION = YES;
				CLANG_WARN_DIRECT_OBJC_ISA_USAGE = YES_ERROR;
				CLANG_WARN_EMPTY_BODY = YES;
				CLANG_WARN_ENUM_CONVERSION = YES;
				CLANG_WARN_INT_CONVERSION = YES;
				CLANG_WARN_OBJC_ROOT_CLASS = YES_ERROR;
				CLANG_WARN_UNREACHABLE_CODE = YES;
				CLANG_WARN__DUPLICATE_METHOD_MATCH = YES;
				"CODE_SIGN_IDENTITY[sdk=iphoneos*]" = "iPhone Developer";
				COPY_PHASE_STRIP = NO;
				DEBUG_INFORMATION_FORMAT = "dwarf-with-dsym";
				ENABLE_STRICT_OBJC_MSGSEND = YES;
				GCC_C_LANGUAGE_STANDARD = gnu99;
				GCC_DYNAMIC_NO_PIC = NO;
				GCC_NO_COMMON_BLOCKS = YES;
				GCC_OPTIMIZATION_LEVEL = 0;
				GCC_PREPROCESSOR_DEFINITIONS = (
					"DEBUG=1",
					"$(inherited)",
				);
				GCC_SYMBOLS_PRIVATE_EXTERN = NO;
				GCC_WARN_64_TO_32_BIT_CONVERSION = YES;
				GCC_WARN_ABOUT_RETURN_TYPE = YES_ERROR;
				GCC_WARN_UNDECLARED_SELECTOR = YES;
				GCC_WARN_UNINITIALIZED_AUTOS = YES_AGGRESSIVE;
				GCC_WARN_UNUSED_FUNCTION = YES;
				GCC_WARN_UNUSED_VARIABLE = YES;
				IPHONEOS_DEPLOYMENT_TARGET = 8.3;
				MTL_ENABLE_DEBUG_INFO = YES;
				ONLY_ACTIVE_ARCH = YES;
				SDKROOT = iphoneos;
				SWIFT_OPTIMIZATION_LEVEL = "-Onone";
			};
			name = Debug;
		};
		6303CDA31B4176D70011E503 /* Release */ = {
			isa = XCBuildConfiguration;
			buildSettings = {
				ALWAYS_SEARCH_USER_PATHS = NO;
				CLANG_CXX_LANGUAGE_STANDARD = "gnu++0x";
				CLANG_CXX_LIBRARY = "libc++";
				CLANG_ENABLE_MODULES = YES;
				CLANG_ENABLE_OBJC_ARC = YES;
				CLANG_WARN_BOOL_CONVERSION = YES;
				CLANG_WARN_CONSTANT_CONVERSION = YES;
				CLANG_WARN_DIRECT_OBJC_ISA_USAGE = YES_ERROR;
				CLANG_WARN_EMPTY_BODY = YES;
				CLANG_WARN_ENUM_CONVERSION = YES;
				CLANG_WARN_INT_CONVERSION = YES;
				CLANG_WARN_OBJC_ROOT_CLASS = YES_ERROR;
				CLANG_WARN_UNREACHABLE_CODE = YES;
				CLANG_WARN__DUPLICATE_METHOD_MATCH = YES;
				"CODE_SIGN_IDENTITY[sdk=iphoneos*]" = "iPhone Developer";
				COPY_PHASE_STRIP = NO;
				DEBUG_INFORMATION_FORMAT = "dwarf-with-dsym";
				ENABLE_NS_ASSERTIONS = NO;
				ENABLE_STRICT_OBJC_MSGSEND = YES;
				GCC_C_LANGUAGE_STANDARD = gnu99;
				GCC_NO_COMMON_BLOCKS = YES;
				GCC_WARN_64_TO_32_BIT_CONVERSION = YES;
				GCC_WARN_ABOUT_RETURN_TYPE = YES_ERROR;
				GCC_WARN_UNDECLARED_SELECTOR = YES;
				GCC_WARN_UNINITIALIZED_AUTOS = YES_AGGRESSIVE;
				GCC_WARN_UNUSED_FUNCTION = YES;
				GCC_WARN_UNUSED_VARIABLE = YES;
				IPHONEOS_DEPLOYMENT_TARGET = 8.3;
				MTL_ENABLE_DEBUG_INFO = NO;
				SDKROOT = iphoneos;
				VALIDATE_PRODUCT = YES;
			};
			name = Release;
		};
		6303CDA51B4176D70011E503 /* Debug */ = {
			isa = XCBuildConfiguration;
			buildSettings = {
				ASSETCATALOG_COMPILER_APPICON_NAME = AppIcon;
				INFOPLIST_FILE = "animation-1/Info.plist";
				LD_RUNPATH_SEARCH_PATHS = "$(inherited) @executable_path/Frameworks";
				PRODUCT_NAME = "$(TARGET_NAME)";
			};
			name = Debug;
		};
		6303CDA61B4176D70011E503 /* Release */ = {
			isa = XCBuildConfiguration;
			buildSettings = {
				ASSETCATALOG_COMPILER_APPICON_NAME = AppIcon;
				INFOPLIST_FILE = "animation-1/Info.plist";
				LD_RUNPATH_SEARCH_PATHS = "$(inherited) @executable_path/Frameworks";
				PRODUCT_NAME = "$(TARGET_NAME)";
			};
			name = Release;
		};
		6303CDA81B4176D70011E503 /* Debug */ = {
			isa = XCBuildConfiguration;
			buildSettings = {
				BUNDLE_LOADER = "$(TEST_HOST)";
				FRAMEWORK_SEARCH_PATHS = (
					"$(SDKROOT)/Developer/Library/Frameworks",
					"$(inherited)",
				);
				GCC_PREPROCESSOR_DEFINITIONS = (
					"DEBUG=1",
					"$(inherited)",
				);
				INFOPLIST_FILE = "animation-1Tests/Info.plist";
				LD_RUNPATH_SEARCH_PATHS = "$(inherited) @executable_path/Frameworks @loader_path/Frameworks";
				PRODUCT_NAME = "$(TARGET_NAME)";
				TEST_HOST = "$(BUILT_PRODUCTS_DIR)/animation-1.app/animation-1";
			};
			name = Debug;
		};
		6303CDA91B4176D70011E503 /* Release */ = {
			isa = XCBuildConfiguration;
			buildSettings = {
				BUNDLE_LOADER = "$(TEST_HOST)";
				FRAMEWORK_SEARCH_PATHS = (
					"$(SDKROOT)/Developer/Library/Frameworks",
					"$(inherited)",
				);
				INFOPLIST_FILE = "animation-1Tests/Info.plist";
				LD_RUNPATH_SEARCH_PATHS = "$(inherited) @executable_path/Frameworks @loader_path/Frameworks";
				PRODUCT_NAME = "$(TARGET_NAME)";
				TEST_HOST = "$(BUILT_PRODUCTS_DIR)/animation-1.app/animation-1";
			};
			name = Release;
		};
/* End XCBuildConfiguration section */

/* Begin XCConfigurationList section */
		6303CD801B4176D70011E503 /* Build configuration list for PBXProject "animation-1" */ = {
			isa = XCConfigurationList;
			buildConfigurations = (
				6303CDA21B4176D70011E503 /* Debug */,
				6303CDA31B4176D70011E503 /* Release */,
			);
			defaultConfigurationIsVisible = 0;
			defaultConfigurationName = Release;
		};
		6303CDA41B4176D70011E503 /* Build configuration list for PBXNativeTarget "animation-1" */ = {
			isa = XCConfigurationList;
			buildConfigurations = (
				6303CDA51B4176D70011E503 /* Debug */,
				6303CDA61B4176D70011E503 /* Release */,
			);
			defaultConfigurationIsVisible = 0;
		};
		6303CDA71B4176D70011E503 /* Build configuration list for PBXNativeTarget "animation-1Tests" */ = {
			isa = XCConfigurationList;
			buildConfigurations = (
				6303CDA81B4176D70011E503 /* Debug */,
				6303CDA91B4176D70011E503 /* Release */,
			);
			defaultConfigurationIsVisible = 0;
		};
/* End XCConfigurationList section */
	};
	rootObject = 6303CD7D1B4176D70011E503 /* Project object */;
}
